{
  "requires": true,
  "lockfileVersion": 1,
  "dependencies": {
    "@babel/helper-string-parser": {
      "version": "7.24.8",
      "resolved": "https://registry.npmjs.org/@babel/helper-string-parser/-/helper-string-parser-7.24.8.tgz",
      "integrity": "sha512-pO9KhhRcuUyGnJWwyEgnRJTSIZHiT+vMD0kPeD+so0l7mxkMT19g3pjY9GTnHySck/hDzq+dtW/4VgnMkippsQ==",
      "dev": true
    },
    "@babel/helper-validator-identifier": {
      "version": "7.24.7",
      "resolved": "https://registry.npmjs.org/@babel/helper-validator-identifier/-/helper-validator-identifier-7.24.7.tgz",
      "integrity": "sha512-rR+PBcQ1SMQDDyF6X0wxtG8QyLCgUB0eRAGguqRLfkCA87l7yAP7ehq8SNj96OOGTO8OBV70KhuFYcIkHXOg0w==",
      "dev": true
    },
    "@babel/parser": {
      "version": "7.25.3",
      "resolved": "https://registry.npmjs.org/@babel/parser/-/parser-7.25.3.tgz",
      "integrity": "sha512-iLTJKDbJ4hMvFPgQwwsVoxtHyWpKKPBrxkANrSYewDPaPpT5py5yeVkgPIJ7XYXhndxJpaA3PyALSXQ7u8e/Dw==",
      "dev": true,
      "requires": {
        "@babel/types": "^7.25.2"
      }
    },
    "@babel/types": {
      "version": "7.25.2",
      "resolved": "https://registry.npmjs.org/@babel/types/-/types-7.25.2.tgz",
      "integrity": "sha512-YTnYtra7W9e6/oAZEHj0bJehPRUlLH9/fbpT5LfB0NhQXyALCRkRs3zH9v07IYhkgpqX6Z78FnuccZr/l4Fs4Q==",
      "dev": true,
      "requires": {
        "@babel/helper-string-parser": "^7.24.8",
        "@babel/helper-validator-identifier": "^7.24.7",
        "to-fast-properties": "^2.0.0"
      }
    },
    "@types/babel__core": {
      "version": "7.20.5",
      "resolved": "https://registry.npmjs.org/@types/babel__core/-/babel__core-7.20.5.tgz",
      "integrity": "sha512-qoQprZvz5wQFJwMDqeseRXWv3rqMvhgpbXFfVyWhbx9X47POIA6i/+dXefEmZKoAgOaTdaIgNSMqMIU61yRyzA==",
      "dev": true,
      "requires": {
        "@babel/parser": "^7.20.7",
        "@babel/types": "^7.20.7",
        "@types/babel__generator": "*",
        "@types/babel__template": "*",
        "@types/babel__traverse": "*"
      }
    },
    "@types/babel__generator": {
      "version": "7.6.8",
      "resolved": "https://registry.npmjs.org/@types/babel__generator/-/babel__generator-7.6.8.tgz",
      "integrity": "sha512-ASsj+tpEDsEiFr1arWrlN6V3mdfjRMZt6LtK/Vp/kreFLnr5QH5+DhvD5nINYZXzwJvXeGq+05iUXcAzVrqWtw==",
      "dev": true,
      "requires": {
        "@babel/types": "^7.0.0"
      }
    },
    "@types/babel__preset-env": {
      "version": "7.9.7",
      "resolved": "https://registry.npmjs.org/@types/babel__preset-env/-/babel__preset-env-7.9.7.tgz",
      "integrity": "sha512-m63P4DQR9d0/g8GwRsmyizGqfCGWI6LVnuNg4OV8YhNM+VMBAepJ4394Z/rJA0pBYV+AXgFfHP4RiIlk9mYVVQ==",
      "dev": true
    },
    "@types/babel__register": {
      "version": "7.17.3",
      "resolved": "https://registry.npmjs.org/@types/babel__register/-/babel__register-7.17.3.tgz",
      "integrity": "sha512-hy9H39BUIGO0C88bLxQD5rqBvqMgjPjDnA8Mx+fjAqtOi4OG7qYaZUMlDHfLOx5G9WtBzhfchzxKl37LTsVRbA==",
      "dev": true,
      "requires": {
        "@types/babel__core": "*"
      }
    },
    "@types/babel__template": {
      "version": "7.4.4",
      "resolved": "https://registry.npmjs.org/@types/babel__template/-/babel__template-7.4.4.tgz",
      "integrity": "sha512-h/NUaSyG5EyxBIp8YRxo4RMe2/qQgvyowRwVMzhYhBCONbW8PUsg4lkFMrhgZhUe5z3L3MiLDuvyJ/CaPa2A8A==",
      "dev": true,
      "requires": {
        "@babel/parser": "^7.1.0",
        "@babel/types": "^7.0.0"
      }
    },
    "@types/babel__traverse": {
      "version": "7.20.6",
      "resolved": "https://registry.npmjs.org/@types/babel__traverse/-/babel__traverse-7.20.6.tgz",
      "integrity": "sha512-r1bzfrm0tomOI8g1SzvCaQHo6Lcv6zu0EA+W2kHrt8dyrHQxGzBBL4kdkzIS+jBMV+EYcMAEAqXqYaLJq5rOZg==",
      "dev": true,
      "requires": {
        "@babel/types": "^7.20.7"
      }
    },
    "@types/body-parser": {
      "version": "1.19.5",
      "resolved": "https://registry.npmjs.org/@types/body-parser/-/body-parser-1.19.5.tgz",
      "integrity": "sha512-fB3Zu92ucau0iQ0JMCFQE7b/dv8Ot07NI3KaZIkIUNXq82k4eBAqUaneXfleGY9JWskeS9y+u0nXMyspcuQrCg==",
      "dev": true,
      "requires": {
        "@types/connect": "*",
        "@types/node": "*"
      }
    },
    "@types/bytes": {
      "version": "3.1.4",
      "resolved": "https://registry.npmjs.org/@types/bytes/-/bytes-3.1.4.tgz",
      "integrity": "sha512-A0uYgOj3zNc4hNjHc5lYUfJQ/HVyBXiUMKdXd7ysclaE6k9oJdavQzODHuwjpUu2/boCP8afjQYi8z/GtvNCWA==",
      "dev": true
    },
    "@types/chai": {
      "version": "4.3.17",
      "resolved": "https://registry.npmjs.org/@types/chai/-/chai-4.3.17.tgz",
      "integrity": "sha512-zmZ21EWzR71B4Sscphjief5djsLre50M6lI622OSySTmn9DB3j+C3kWroHfBQWXbOBwbgg/M8CG/hUxDLIloow==",
      "dev": true
    },
    "@types/component-emitter": {
      "version": "1.2.14",
      "resolved": "https://registry.npmjs.org/@types/component-emitter/-/component-emitter-1.2.14.tgz",
      "integrity": "sha512-lmPil1g82wwWg/qHSxMWkSKyJGQOK+ejXeMAAWyxNtVUD0/Ycj2maL63RAqpxVfdtvTfZkRnqzB0A9ft59y69g==",
      "dev": true
    },
    "@types/connect": {
      "version": "3.4.38",
      "resolved": "https://registry.npmjs.org/@types/connect/-/connect-3.4.38.tgz",
      "integrity": "sha512-K6uROf1LD88uDQqJCktA4yzL1YYAK6NgfsI0v/mTgyPKWsX1CnJ0XPSDhViejru1GcRkLWb8RlzFYJRqGUbaug==",
      "dev": true,
      "requires": {
        "@types/node": "*"
      }
    },
    "@types/content-type": {
      "version": "1.1.8",
      "resolved": "https://registry.npmjs.org/@types/content-type/-/content-type-1.1.8.tgz",
      "integrity": "sha512-1tBhmVUeso3+ahfyaKluXe38p+94lovUZdoVfQ3OnJo9uJC42JT7CBoN3k9HYhAae+GwiBYmHu+N9FZhOG+2Pg==",
      "dev": true
    },
    "@types/cors": {
      "version": "2.8.17",
      "resolved": "https://registry.npmjs.org/@types/cors/-/cors-2.8.17.tgz",
      "integrity": "sha512-8CGDvrBj1zgo2qE+oS3pOCyYNqCPryMWY2bGfwA0dcfopWGgxs+78df0Rs3rc9THP4JkOhLsAa+15VdpAqkcUA==",
      "dev": true,
      "requires": {
        "@types/node": "*"
      }
    },
    "@types/debug": {
      "version": "4.1.12",
      "resolved": "https://registry.npmjs.org/@types/debug/-/debug-4.1.12.tgz",
      "integrity": "sha512-vIChWdVG3LG1SMxEvI/AK+FWJthlrqlTu7fbrlywTkkaONwk/UAGaULXRlf8vkzFBLVm0zkMdCquhL5aOjhXPQ==",
      "dev": true,
      "requires": {
        "@types/ms": "*"
      }
    },
    "@types/depd": {
      "version": "1.1.36",
      "resolved": "https://registry.npmjs.org/@types/depd/-/depd-1.1.36.tgz",
      "integrity": "sha512-+apvfj5Bn6ORfud9XrgoIu6H6s2pTN+X8rQ2LgkA3YUXY+PiXkCJjizh8qxv8CrLtXlxw3NCmYrNbbeckVOQrA==",
      "dev": true,
      "requires": {
        "@types/node": "*"
      }
    },
    "@types/engine.io": {
      "version": "3.1.10",
      "resolved": "https://registry.npmjs.org/@types/engine.io/-/engine.io-3.1.10.tgz",
      "integrity": "sha512-tmuKBF+q3h0nZ075osSKJ55nmvL5lWDjU8+QS/8XZT1YQ4xrxNSW3wXbjeMs8RugGxVpHAEnf9kXiRf7G94acw==",
      "dev": true,
      "requires": {
        "@types/node": "*"
      }
    },
    "@types/express": {
      "version": "4.17.21",
      "resolved": "https://registry.npmjs.org/@types/express/-/express-4.17.21.tgz",
      "integrity": "sha512-ejlPM315qwLpaQlQDTjPdsUFSc6ZsP4AN6AlWnogPjQ7CVi7PYF3YVz+CY3jE2pwYf7E/7HlDAN0rV2GxTG0HQ==",
      "dev": true,
      "requires": {
        "@types/body-parser": "*",
        "@types/express-serve-static-core": "^4.17.33",
        "@types/qs": "*",
        "@types/serve-static": "*"
      }
    },
    "@types/express-serve-static-core": {
      "version": "4.19.5",
      "resolved": "https://registry.npmjs.org/@types/express-serve-static-core/-/express-serve-static-core-4.19.5.tgz",
      "integrity": "sha512-y6W03tvrACO72aijJ5uF02FRq5cgDR9lUxddQ8vyF+GvmjJQqbzDcJngEjURc+ZsG31VI3hODNZJ2URj86pzmg==",
      "dev": true,
      "requires": {
        "@types/node": "*",
        "@types/qs": "*",
        "@types/range-parser": "*",
        "@types/send": "*"
      }
    },
    "@types/http-errors": {
      "version": "2.0.4",
      "resolved": "https://registry.npmjs.org/@types/http-errors/-/http-errors-2.0.4.tgz",
      "integrity": "sha512-D0CFMMtydbJAegzOyHjtiKPLlvnm3iTZyZRSZoLq2mRhDdmLfIWOCYPfQJ4cu2erKghU++QvjcUjp/5h7hESpA==",
      "dev": true
    },
    "@types/isarray": {
      "version": "2.0.2",
      "resolved": "https://registry.npmjs.org/@types/isarray/-/isarray-2.0.2.tgz",
      "integrity": "sha512-GzZtEQrGShcaZzdl1U0DbrijhZsAH3hbz4Gohiu+jhzNyxfeZzeB0Peu9t9u2r2X6RzKqfam7VQOy/W4iQvKOw==",
      "dev": true
    },
    "@types/jsdom": {
      "version": "21.1.7",
      "resolved": "https://registry.npmjs.org/@types/jsdom/-/jsdom-21.1.7.tgz",
      "integrity": "sha512-yOriVnggzrnQ3a9OKOCxaVuSug3w3/SbOj5i7VwXWZEyUNl3bLF9V3MfxGbZKuwqJOQyRfqXyROBB1CoZLFWzA==",
      "dev": true,
      "requires": {
        "@types/node": "*",
        "@types/tough-cookie": "*",
        "parse5": "^7.0.0"
      }
    },
    "@types/lodash": {
      "version": "4.17.7",
      "resolved": "https://registry.npmjs.org/@types/lodash/-/lodash-4.17.7.tgz",
      "integrity": "sha512-8wTvZawATi/lsmNu10/j2hk1KEP0IvjubqPE3cu1Xz7xfXXt5oCq3SNUz4fMIP4XGF9Ky+Ue2tBA3hcS7LSBlA==",
      "dev": true
    },
    "@types/merge-descriptors": {
      "version": "1.0.3",
      "resolved": "https://registry.npmjs.org/@types/merge-descriptors/-/merge-descriptors-1.0.3.tgz",
      "integrity": "sha512-ZhU/HNM9R75TO8PBn0+zDi7tbYEygeraTjDHAkGpgFFKKEj/Al4RysG+oWyrRusPRDUvctaK+SYrw1m2SdLNNQ==",
      "dev": true
    },
    "@types/mime": {
      "version": "1.3.5",
      "resolved": "https://registry.npmjs.org/@types/mime/-/mime-1.3.5.tgz",
      "integrity": "sha512-/pyBZWSLD2n0dcHE3hq8s8ZvcETHtEuF+3E7XVt0Ig2nvsVQXdghHVcEkIWjy9A0wKfTn97a/PSDYohKIlnP/w==",
      "dev": true
    },
    "@types/mocha": {
      "version": "10.0.7",
      "resolved": "https://registry.npmjs.org/@types/mocha/-/mocha-10.0.7.tgz",
      "integrity": "sha512-GN8yJ1mNTcFcah/wKEFIJckJx9iJLoMSzWcfRRuxz/Jk+U6KQNnml+etbtxFK8lPjzOw3zp4Ha/kjSst9fsHYw==",
      "dev": true
    },
    "@types/ms": {
      "version": "0.7.34",
      "resolved": "https://registry.npmjs.org/@types/ms/-/ms-0.7.34.tgz",
      "integrity": "sha512-nG96G3Wp6acyAgJqGasjODb+acrI7KltPiRxzHPXnP3NgI28bpQDRv53olbqGXbfcgF5aiiHmO3xpwEpS5Ld9g==",
      "dev": true
    },
    "@types/node": {
      "version": "22.3.0",
      "resolved": "https://registry.npmjs.org/@types/node/-/node-22.3.0.tgz",
      "integrity": "sha512-nrWpWVaDZuaVc5X84xJ0vNrLvomM205oQyLsRt7OHNZbSHslcWsvgFR7O7hire2ZonjLrWBbedmotmIlJDVd6g==",
      "dev": true,
      "requires": {
        "undici-types": "~6.18.2"
      }
    },
    "@types/nodemon": {
      "version": "1.19.6",
      "resolved": "https://registry.npmjs.org/@types/nodemon/-/nodemon-1.19.6.tgz",
      "integrity": "sha512-vjKuaQOLUA5EY2zkUmWG1ipXbKt9Wd+H/0SiIuHVeH4cHtt6509iRUGH9ZR0iqgUrtj3BrP9KqoTuV3ZCbQcYA==",
      "dev": true,
      "requires": {
        "@types/node": "*"
      }
    },
    "@types/object-assign": {
      "version": "4.0.33",
      "resolved": "https://registry.npmjs.org/@types/object-assign/-/object-assign-4.0.33.tgz",
      "integrity": "sha512-HeuamLPmpVPuJU/oY7z/YGAezy4HFy6mhvzwupi9Xc8n0FKY8tR1/U3AKaOn/I5Mb4dvbw2szSYcXi84eW07TQ==",
      "dev": true
    },
    "@types/qs": {
      "version": "6.9.15",
      "resolved": "https://registry.npmjs.org/@types/qs/-/qs-6.9.15.tgz",
      "integrity": "sha512-uXHQKES6DQKKCLh441Xv/dwxOq1TVS3JPUMlEqoEglvlhR6Mxnlew/Xq/LRVHpLyk7iK3zODe1qYHIMltO7XGg==",
      "dev": true
    },
    "@types/range-parser": {
      "version": "1.2.7",
      "resolved": "https://registry.npmjs.org/@types/range-parser/-/range-parser-1.2.7.tgz",
      "integrity": "sha512-hKormJbkJqzQGhziax5PItDUTMAM9uE2XXQmM37dyd4hVM+5aVl7oVxMVUiVQn2oCQFN/LKCZdvSM0pFRqbSmQ==",
      "dev": true
    },
    "@types/send": {
      "version": "0.17.4",
      "resolved": "https://registry.npmjs.org/@types/send/-/send-0.17.4.tgz",
      "integrity": "sha512-x2EM6TJOybec7c52BX0ZspPodMsQUd5L6PRwOunVyVUhXiBSKf3AezDL8Dgvgt5o0UfKNfuA0eMLr2wLT4AiBA==",
      "dev": true,
      "requires": {
        "@types/mime": "^1",
        "@types/node": "*"
      }
    },
    "@types/serve-static": {
      "version": "1.15.7",
      "resolved": "https://registry.npmjs.org/@types/serve-static/-/serve-static-1.15.7.tgz",
      "integrity": "sha512-W8Ym+h8nhuRwaKPaDw34QUkwsGi6Rc4yYqvKFo5rm2FUEhCFbzVWrxXUxuKK8TASjWsysJY0nsmNCGhCOIsrOw==",
      "dev": true,
      "requires": {
        "@types/http-errors": "*",
        "@types/node": "*",
        "@types/send": "*"
      }
    },
    "@types/source-map-support": {
      "version": "0.5.10",
      "resolved": "https://registry.npmjs.org/@types/source-map-support/-/source-map-support-0.5.10.tgz",
      "integrity": "sha512-tgVP2H469x9zq34Z0m/fgPewGhg/MLClalNOiPIzQlXrSS2YrKu/xCdSCKnEDwkFha51VKEKB6A9wW26/ZNwzA==",
      "dev": true,
      "requires": {
        "source-map": "^0.6.0"
      }
    },
    "@types/tough-cookie": {
      "version": "4.0.5",
      "resolved": "https://registry.npmjs.org/@types/tough-cookie/-/tough-cookie-4.0.5.tgz",
      "integrity": "sha512-/Ad8+nIOV7Rl++6f1BdKxFSMgmoqEoYbHRpPcx3JEfv8VRsQe9Z4mCXeJBzxs7mbHY/XOZZuXlRNfhpVPbs6ZA==",
      "dev": true
    },
    "@types/type-is": {
      "version": "1.6.6",
      "resolved": "https://registry.npmjs.org/@types/type-is/-/type-is-1.6.6.tgz",
      "integrity": "sha512-fs1KHv/f9OvmTMsu4sBNaUu32oyda9Y9uK25naJG8gayxNrfqGIjPQsbLIYyfe7xFkppnPlJB+BuTldOaX9bXw==",
      "dev": true,
      "requires": {
        "@types/node": "*"
      }
    },
    "@types/vary": {
      "version": "1.1.3",
      "resolved": "https://registry.npmjs.org/@types/vary/-/vary-1.1.3.tgz",
      "integrity": "sha512-XJT8/ZQCL7NUut9QDLf6l24JfAEl7bnNdgxfj50cHIpEPRJLHHDDFOAq6i+GsEmeFfH7NamhBE4c4Thtb2egWg==",
      "dev": true,
      "requires": {
        "@types/node": "*"
      }
    },
    "entities": {
      "version": "4.5.0",
      "resolved": "https://registry.npmjs.org/entities/-/entities-4.5.0.tgz",
      "integrity": "sha512-V0hjH4dGPh9Ao5p0MoRY6BVqtwCjhz6vI5LT8AJ55H+4g9/4vbHx1I54fS0XuclLhDHArPQCiMjDxjaL8fPxhw==",
      "dev": true
    },
    "parse5": {
      "version": "7.1.2",
      "resolved": "https://registry.npmjs.org/parse5/-/parse5-7.1.2.tgz",
      "integrity": "sha512-Czj1WaSVpaoj0wbhMzLmWD69anp2WH7FXMB9n1Sy8/ZFF9jolSQVMu1Ij5WIyGmcBmhk7EOndpO4mIpihVqAXw==",
      "dev": true,
      "requires": {
        "entities": "^4.4.0"
      }
    },
    "source-map": {
      "version": "0.6.1",
      "resolved": "https://registry.npmjs.org/source-map/-/source-map-0.6.1.tgz",
      "integrity": "sha512-UjgapumWlbMhkBgzT7Ykc5YXUT46F0iKu8SGXq0bcwP5dz/h0Plj6enJqjz1Zbq2l5WaqYnrVbwWOWMyF3F47g==",
      "dev": true
    },
    "to-fast-properties": {
      "version": "2.0.0",
      "resolved": "https://registry.npmjs.org/to-fast-properties/-/to-fast-properties-2.0.0.tgz",
      "integrity": "sha512-/OaKK0xYrs3DmxRYqL/yDc+FxFUVYhDlXMhRmv3z915w2HF1tnN1omB354j8VUGO/hbRzyD6Y3sA7v7GS/ceog==",
      "dev": true
    },
    "types-registry": {
      "version": "0.1.685",
      "resolved": "https://registry.npmjs.org/types-registry/-/types-registry-0.1.685.tgz",
      "integrity": "sha512-dC3Nqu/q2Ey8Jj/YV0plEub0oycMiu3VaAf+tf8X5uhtiRS4iF1BubY5cra1LIaKr+fTblxQvoVAYIPeVj1A9g=="
    },
    "undici-types": {
      "version": "6.18.2",
      "resolved": "https://registry.npmjs.org/undici-types/-/undici-types-6.18.2.tgz",
      "integrity": "sha512-5ruQbENj95yDYJNS3TvcaxPMshV7aizdv/hWYjGIKoANWKjhWNBsr2YEuYZKodQulB1b8l7ILOuDQep3afowQQ==",
      "dev": true
    }
  }
}
